
Microsoft Visual Studio Solution File, Format Version 12.00
# Visual Studio Version 17
VisualStudioVersion = 17.9.34728.123
MinimumVisualStudioVersion = 10.0.40219.1
Project("{FAE04EC0-301F-11D3-BF4B-00C04F79EFBC}") = "Task 21.05(PasswordTest)", "Task 21.05(PasswordTest)\Task 21.05(PasswordTest).csproj", "{4943660B-D858-4EB3-AA70-C11BF4F25AE8}"
EndProject
Global
	GlobalSection(SolutionConfigurationPlatforms) = preSolution
		Debug|Any CPU = Debug|Any CPU
		Release|Any CPU = Release|Any CPU
	EndGlobalSection
	GlobalSection(ProjectConfigurationPlatforms) = postSolution
		{4943660B-D858-4EB3-AA70-C11BF4F25AE8}.Debug|Any CPU.ActiveCfg = Debug|Any CPU
		{4943660B-D858-4EB3-AA70-C11BF4F25AE8}.Debug|Any CPU.Build.0 = Debug|Any CPU
		{4943660B-D858-4EB3-AA70-C11BF4F25AE8}.Release|Any CPU.ActiveCfg = Release|Any CPU
		{4943660B-D858-4EB3-AA70-C11BF4F25AE8}.Release|Any CPU.Build.0 = Release|Any CPU
	EndGlobalSection
	GlobalSection(SolutionProperties) = preSolution
		HideSolutionNode = FALSE
	EndGlobalSection
	GlobalSection(ExtensibilityGlobals) = postSolution
		SolutionGuid = {66D09BA1-78EB-421E-873C-9AB9883D705F}
	EndGlobalSection
EndGlobal
